
Microsoft Visual Studio Solution File, Format Version 12.00
# Visual Studio Version 17
VisualStudioVersion = 17.5.33502.453
MinimumVisualStudioVersion = 10.0.40219.1
Project("{FAE04EC0-301F-11D3-BF4B-00C04F79EFBC}") = "laba1", "laba1\laba1.csproj", "{9BEC74AE-B196-445C-9563-E669D0FA3350}"
EndProject
Project("{FAE04EC0-301F-11D3-BF4B-00C04F79EFBC}") = "ClassLibrary1", "ClassLibrary1\ClassLibrary1.csproj", "{B0F80D45-56B6-4885-B8DD-6BA010E46F2D}"
EndProject
Global
	GlobalSection(SolutionConfigurationPlatforms) = preSolution
		Debug|Any CPU = Debug|Any CPU
		Release|Any CPU = Release|Any CPU
	EndGlobalSection
	GlobalSection(ProjectConfigurationPlatforms) = postSolution
		{9BEC74AE-B196-445C-9563-E669D0FA3350}.Debug|Any CPU.ActiveCfg = Debug|Any CPU
		{9BEC74AE-B196-445C-9563-E669D0FA3350}.Debug|Any CPU.Build.0 = Debug|Any CPU
		{9BEC74AE-B196-445C-9563-E669D0FA3350}.Release|Any CPU.ActiveCfg = Release|Any CPU
		{9BEC74AE-B196-445C-9563-E669D0FA3350}.Release|Any CPU.Build.0 = Release|Any CPU
		{B0F80D45-56B6-4885-B8DD-6BA010E46F2D}.Debug|Any CPU.ActiveCfg = Debug|Any CPU
		{B0F80D45-56B6-4885-B8DD-6BA010E46F2D}.Debug|Any CPU.Build.0 = Debug|Any CPU
		{B0F80D45-56B6-4885-B8DD-6BA010E46F2D}.Release|Any CPU.ActiveCfg = Release|Any CPU
		{B0F80D45-56B6-4885-B8DD-6BA010E46F2D}.Release|Any CPU.Build.0 = Release|Any CPU
	EndGlobalSection
	GlobalSection(SolutionProperties) = preSolution
		HideSolutionNode = FALSE
	EndGlobalSection
	GlobalSection(ExtensibilityGlobals) = postSolution
		SolutionGuid = {E1B19AA7-EF9B-4144-9CDA-45FF1025E649}
	EndGlobalSection
EndGlobal
